
Microsoft Visual Studio Solution File, Format Version 12.00
# Visual Studio Version 17
VisualStudioVersion = 17.13.35931.197 d17.13
MinimumVisualStudioVersion = 10.0.40219.1
Project("{FAE04EC0-301F-11D3-BF4B-00C04F79EFBC}") = "ApiActividadesMusicales", "ApiActividadesMusicales\ApiActividadesMusicales.csproj", "{24FDDAF6-07BB-4FE2-9B47-6BB1129AA1F8}"
EndProject
Global
	GlobalSection(SolutionConfigurationPlatforms) = preSolution
		Debug|Any CPU = Debug|Any CPU
		Release|Any CPU = Release|Any CPU
	EndGlobalSection
	GlobalSection(ProjectConfigurationPlatforms) = postSolution
		{24FDDAF6-07BB-4FE2-9B47-6BB1129AA1F8}.Debug|Any CPU.ActiveCfg = Debug|Any CPU
		{24FDDAF6-07BB-4FE2-9B47-6BB1129AA1F8}.Debug|Any CPU.Build.0 = Debug|Any CPU
		{24FDDAF6-07BB-4FE2-9B47-6BB1129AA1F8}.Release|Any CPU.ActiveCfg = Release|Any CPU
		{24FDDAF6-07BB-4FE2-9B47-6BB1129AA1F8}.Release|Any CPU.Build.0 = Release|Any CPU
	EndGlobalSection
	GlobalSection(SolutionProperties) = preSolution
		HideSolutionNode = FALSE
	EndGlobalSection
	GlobalSection(ExtensibilityGlobals) = postSolution
		SolutionGuid = {EFE88553-64A3-4966-BCF1-C21BB2FA27D1}
	EndGlobalSection
EndGlobal
